// !$*UTF8*$!
{
	archiveVersion = 1;
	classes = {
	};
	objectVersion = 56;
	objects = {

/* Begin PBXBuildFile section */
		2C0ECFBDA625550AB07120E5 /* Pods_TodoAppYandex.framework in Frameworks */ = {isa = PBXBuildFile; fileRef = A89C61F61D7DFC9B80E69B0E /* Pods_TodoAppYandex.framework */; };
		493EF99BE7B5E88936DE602F /* Pods_TodoAppYandexTests.framework in Frameworks */ = {isa = PBXBuildFile; fileRef = BD44BAC163CC8684B90EAE38 /* Pods_TodoAppYandexTests.framework */; };
		5F63F7022C2C2469001248A8 /* TaskListViewModel.swift in Sources */ = {isa = PBXBuildFile; fileRef = 5F63F7012C2C2469001248A8 /* TaskListViewModel.swift */; };
		5F63F7042C2C3C8A001248A8 /* TodoEditMode.swift in Sources */ = {isa = PBXBuildFile; fileRef = 5F63F7032C2C3C8A001248A8 /* TodoEditMode.swift */; };
		5F63F70E2C2C690E001248A8 /* ListDisplayModificationOptions.swift in Sources */ = {isa = PBXBuildFile; fileRef = 5F63F70D2C2C690E001248A8 /* ListDisplayModificationOptions.swift */; };
		5F63F7102C2C7067001248A8 /* SortMode.swift in Sources */ = {isa = PBXBuildFile; fileRef = 5F63F70F2C2C7067001248A8 /* SortMode.swift */; };
		5F63F7162C2EAA19001248A8 /* Color+Extension.swift in Sources */ = {isa = PBXBuildFile; fileRef = 5F63F7152C2EAA19001248A8 /* Color+Extension.swift */; };
		5F63F7252C2F8EF7001248A8 /* DetailViewIPad.swift in Sources */ = {isa = PBXBuildFile; fileRef = 5F63F7242C2F8EF7001248A8 /* DetailViewIPad.swift */; };
		5F63F7272C2F9A2F001248A8 /* CustomColorPickerOLD.swift in Sources */ = {isa = PBXBuildFile; fileRef = 5F63F7262C2F9A2F001248A8 /* CustomColorPickerOLD.swift */; };
		5F7ABB3D2C3D6E9100261F7F /* CustomPicker in Frameworks */ = {isa = PBXBuildFile; productRef = 5F7ABB3C2C3D6E9100261F7F /* CustomPicker */; };
		5F7DC3092C29A73A00954EC0 /* TaskEditingView.swift in Sources */ = {isa = PBXBuildFile; fileRef = 5F7DC3082C29A73A00954EC0 /* TaskEditingView.swift */; };
		5F7DC30B2C29A77900954EC0 /* TaskEditingViewModel.swift in Sources */ = {isa = PBXBuildFile; fileRef = 5F7DC30A2C29A77900954EC0 /* TaskEditingViewModel.swift */; };
		5F9765722C2AC42F004CA12E /* TaskListView.swift in Sources */ = {isa = PBXBuildFile; fileRef = 5F9765712C2AC42F004CA12E /* TaskListView.swift */; };
		5F9A70AA2C38785A002E82FC /* View+Extensions.swift in Sources */ = {isa = PBXBuildFile; fileRef = 5F9A70A92C38785A002E82FC /* View+Extensions.swift */; };
		5F9A70AD2C387A69002E82FC /* TodoItemListLabel.swift in Sources */ = {isa = PBXBuildFile; fileRef = 5F9A70AC2C387A69002E82FC /* TodoItemListLabel.swift */; };
		5F9A70AF2C387B52002E82FC /* TodoInfoLabel.swift in Sources */ = {isa = PBXBuildFile; fileRef = 5F9A70AE2C387B52002E82FC /* TodoInfoLabel.swift */; };
		5F9A70C72C38A96A002E82FC /* UIColor+Extension.swift in Sources */ = {isa = PBXBuildFile; fileRef = 5F9A70C62C38A96A002E82FC /* UIColor+Extension.swift */; };
		5F9A70CA2C38A98E002E82FC /* UILabel+Extension.swift in Sources */ = {isa = PBXBuildFile; fileRef = 5F9A70C92C38A98E002E82FC /* UILabel+Extension.swift */; };
		5F9A70EA2C38B96D002E82FC /* CalendarUIViewRepresentable.swift in Sources */ = {isa = PBXBuildFile; fileRef = 5F9A70E92C38B96D002E82FC /* CalendarUIViewRepresentable.swift */; };
		5F9A70F92C38BC7E002E82FC /* SwiftUICalendar.swift in Sources */ = {isa = PBXBuildFile; fileRef = 5F9A70F82C38BC7E002E82FC /* SwiftUICalendar.swift */; };
		5FCE53C12C263D9A005187A4 /* TodoAppYandexApp.swift in Sources */ = {isa = PBXBuildFile; fileRef = 5FCE53C02C263D9A005187A4 /* TodoAppYandexApp.swift */; };
		5FCE53C32C263D9A005187A4 /* ContentView.swift in Sources */ = {isa = PBXBuildFile; fileRef = 5FCE53C22C263D9A005187A4 /* ContentView.swift */; };
		5FCE53C52C263D9B005187A4 /* Assets.xcassets in Resources */ = {isa = PBXBuildFile; fileRef = 5FCE53C42C263D9B005187A4 /* Assets.xcassets */; };
		5FCE53C82C263D9B005187A4 /* Preview Assets.xcassets in Resources */ = {isa = PBXBuildFile; fileRef = 5FCE53C72C263D9B005187A4 /* Preview Assets.xcassets */; };
		5FCE53F22C263F0D005187A4 /* TodoItem.swift in Sources */ = {isa = PBXBuildFile; fileRef = 5FCE53F12C263F0D005187A4 /* TodoItem.swift */; };
		5FCE53F42C263F19005187A4 /* TodoItem+Extension.swift in Sources */ = {isa = PBXBuildFile; fileRef = 5FCE53F32C263F19005187A4 /* TodoItem+Extension.swift */; };
		5FCE53F62C263F20005187A4 /* String+Extension.swift in Sources */ = {isa = PBXBuildFile; fileRef = 5FCE53F52C263F20005187A4 /* String+Extension.swift */; };
		5FCE53F82C263F24005187A4 /* Date+Extension.swift in Sources */ = {isa = PBXBuildFile; fileRef = 5FCE53F72C263F24005187A4 /* Date+Extension.swift */; };
		5FCE53FA2C263F29005187A4 /* TodoImportance.swift in Sources */ = {isa = PBXBuildFile; fileRef = 5FCE53F92C263F29005187A4 /* TodoImportance.swift */; };
		5FCE53FC2C263F33005187A4 /* FileCache.swift in Sources */ = {isa = PBXBuildFile; fileRef = 5FCE53FB2C263F33005187A4 /* FileCache.swift */; };
		5FCE53FE2C263F3D005187A4 /* FileManagerService.swift in Sources */ = {isa = PBXBuildFile; fileRef = 5FCE53FD2C263F3D005187A4 /* FileManagerService.swift */; };
		5FCE54002C263F4D005187A4 /* ConvertToJSONTests.swift in Sources */ = {isa = PBXBuildFile; fileRef = 5FCE53FF2C263F4D005187A4 /* ConvertToJSONTests.swift */; };
		5FCE54022C263F5F005187A4 /* ParsingFromJSONTests.swift in Sources */ = {isa = PBXBuildFile; fileRef = 5FCE54012C263F5F005187A4 /* ParsingFromJSONTests.swift */; };
		5FCE54042C263F63005187A4 /* ConvertToCSVTests.swift in Sources */ = {isa = PBXBuildFile; fileRef = 5FCE54032C263F63005187A4 /* ConvertToCSVTests.swift */; };
		5FCE54062C263F66005187A4 /* ParsingFromCSVTests.swift in Sources */ = {isa = PBXBuildFile; fileRef = 5FCE54052C263F66005187A4 /* ParsingFromCSVTests.swift */; };
		5FD780492C415937000F342F /* CancellableStorage.swift in Sources */ = {isa = PBXBuildFile; fileRef = 5FD780472C415937000F342F /* CancellableStorage.swift */; };
		5FD7804A2C415937000F342F /* Cancellable.swift in Sources */ = {isa = PBXBuildFile; fileRef = 5FD780482C415937000F342F /* Cancellable.swift */; };
		5FD7804C2C415AA0000F342F /* URLSession+Extension.swift in Sources */ = {isa = PBXBuildFile; fileRef = 5FD7804B2C415AA0000F342F /* URLSession+Extension.swift */; };
		5FD7804E2C415AEA000F342F /* URLSessionTask+Extension.swift in Sources */ = {isa = PBXBuildFile; fileRef = 5FD7804D2C415AEA000F342F /* URLSessionTask+Extension.swift */; };
		5FD780512C415C11000F342F /* TestViewForURLSessionExtension.swift in Sources */ = {isa = PBXBuildFile; fileRef = 5FD780502C415C11000F342F /* TestViewForURLSessionExtension.swift */; };
		5FD780552C416045000F342F /* TestImageLoader.swift in Sources */ = {isa = PBXBuildFile; fileRef = 5FD780542C416045000F342F /* TestImageLoader.swift */; };
		FCCE282332F31F327333AF54 /* Pods_TodoAppYandex_TodoAppYandexUITests.framework in Frameworks */ = {isa = PBXBuildFile; fileRef = 654BE388E364B50B09223CF8 /* Pods_TodoAppYandex_TodoAppYandexUITests.framework */; };
/* End PBXBuildFile section */

/* Begin PBXContainerItemProxy section */
		5FCE53CE2C263D9B005187A4 /* PBXContainerItemProxy */ = {
			isa = PBXContainerItemProxy;
			containerPortal = 5FCE53B52C263D9A005187A4 /* Project object */;
			proxyType = 1;
			remoteGlobalIDString = 5FCE53BC2C263D9A005187A4;
			remoteInfo = TodoAppYandex;
		};
		5FCE53D82C263D9B005187A4 /* PBXContainerItemProxy */ = {
			isa = PBXContainerItemProxy;
			containerPortal = 5FCE53B52C263D9A005187A4 /* Project object */;
			proxyType = 1;
			remoteGlobalIDString = 5FCE53BC2C263D9A005187A4;
			remoteInfo = TodoAppYandex;
		};
/* End PBXContainerItemProxy section */

/* Begin PBXFileReference section */
		523993420E99F1FA6BC08B8C /* Pods-TodoAppYandexTests.debug.xcconfig */ = {isa = PBXFileReference; includeInIndex = 1; lastKnownFileType = text.xcconfig; name = "Pods-TodoAppYandexTests.debug.xcconfig"; path = "Target Support Files/Pods-TodoAppYandexTests/Pods-TodoAppYandexTests.debug.xcconfig"; sourceTree = "<group>"; };
		5F63F7012C2C2469001248A8 /* TaskListViewModel.swift */ = {isa = PBXFileReference; lastKnownFileType = sourcecode.swift; path = TaskListViewModel.swift; sourceTree = "<group>"; };
		5F63F7032C2C3C8A001248A8 /* TodoEditMode.swift */ = {isa = PBXFileReference; lastKnownFileType = sourcecode.swift; path = TodoEditMode.swift; sourceTree = "<group>"; };
		5F63F70D2C2C690E001248A8 /* ListDisplayModificationOptions.swift */ = {isa = PBXFileReference; lastKnownFileType = sourcecode.swift; path = ListDisplayModificationOptions.swift; sourceTree = "<group>"; };
		5F63F70F2C2C7067001248A8 /* SortMode.swift */ = {isa = PBXFileReference; lastKnownFileType = sourcecode.swift; path = SortMode.swift; sourceTree = "<group>"; };
		5F63F7152C2EAA19001248A8 /* Color+Extension.swift */ = {isa = PBXFileReference; lastKnownFileType = sourcecode.swift; path = "Color+Extension.swift"; sourceTree = "<group>"; };
		5F63F7242C2F8EF7001248A8 /* DetailViewIPad.swift */ = {isa = PBXFileReference; lastKnownFileType = sourcecode.swift; path = DetailViewIPad.swift; sourceTree = "<group>"; };
		5F63F7262C2F9A2F001248A8 /* CustomColorPickerOLD.swift */ = {isa = PBXFileReference; lastKnownFileType = sourcecode.swift; path = CustomColorPickerOLD.swift; sourceTree = "<group>"; };
		5F7DC3082C29A73A00954EC0 /* TaskEditingView.swift */ = {isa = PBXFileReference; lastKnownFileType = sourcecode.swift; path = TaskEditingView.swift; sourceTree = "<group>"; };
		5F7DC30A2C29A77900954EC0 /* TaskEditingViewModel.swift */ = {isa = PBXFileReference; lastKnownFileType = sourcecode.swift; path = TaskEditingViewModel.swift; sourceTree = "<group>"; };
		5F9765712C2AC42F004CA12E /* TaskListView.swift */ = {isa = PBXFileReference; lastKnownFileType = sourcecode.swift; path = TaskListView.swift; sourceTree = "<group>"; };
		5F9A70A92C38785A002E82FC /* View+Extensions.swift */ = {isa = PBXFileReference; lastKnownFileType = sourcecode.swift; path = "View+Extensions.swift"; sourceTree = "<group>"; };
		5F9A70AC2C387A69002E82FC /* TodoItemListLabel.swift */ = {isa = PBXFileReference; lastKnownFileType = sourcecode.swift; path = TodoItemListLabel.swift; sourceTree = "<group>"; };
		5F9A70AE2C387B52002E82FC /* TodoInfoLabel.swift */ = {isa = PBXFileReference; lastKnownFileType = sourcecode.swift; path = TodoInfoLabel.swift; sourceTree = "<group>"; };
		5F9A70C62C38A96A002E82FC /* UIColor+Extension.swift */ = {isa = PBXFileReference; lastKnownFileType = sourcecode.swift; path = "UIColor+Extension.swift"; sourceTree = "<group>"; };
		5F9A70C92C38A98E002E82FC /* UILabel+Extension.swift */ = {isa = PBXFileReference; lastKnownFileType = sourcecode.swift; path = "UILabel+Extension.swift"; sourceTree = "<group>"; };
		5F9A70E92C38B96D002E82FC /* CalendarUIViewRepresentable.swift */ = {isa = PBXFileReference; lastKnownFileType = sourcecode.swift; path = CalendarUIViewRepresentable.swift; sourceTree = "<group>"; };
		5F9A70F82C38BC7E002E82FC /* SwiftUICalendar.swift */ = {isa = PBXFileReference; lastKnownFileType = sourcecode.swift; path = SwiftUICalendar.swift; sourceTree = "<group>"; };
		5FCE53BD2C263D9A005187A4 /* TodoAppYandex.app */ = {isa = PBXFileReference; explicitFileType = wrapper.application; includeInIndex = 0; path = TodoAppYandex.app; sourceTree = BUILT_PRODUCTS_DIR; };
		5FCE53C02C263D9A005187A4 /* TodoAppYandexApp.swift */ = {isa = PBXFileReference; lastKnownFileType = sourcecode.swift; path = TodoAppYandexApp.swift; sourceTree = "<group>"; };
		5FCE53C22C263D9A005187A4 /* ContentView.swift */ = {isa = PBXFileReference; lastKnownFileType = sourcecode.swift; path = ContentView.swift; sourceTree = "<group>"; };
		5FCE53C42C263D9B005187A4 /* Assets.xcassets */ = {isa = PBXFileReference; lastKnownFileType = folder.assetcatalog; path = Assets.xcassets; sourceTree = "<group>"; };
		5FCE53C72C263D9B005187A4 /* Preview Assets.xcassets */ = {isa = PBXFileReference; lastKnownFileType = folder.assetcatalog; path = "Preview Assets.xcassets"; sourceTree = "<group>"; };
		5FCE53CD2C263D9B005187A4 /* TodoAppYandexTests.xctest */ = {isa = PBXFileReference; explicitFileType = wrapper.cfbundle; includeInIndex = 0; path = TodoAppYandexTests.xctest; sourceTree = BUILT_PRODUCTS_DIR; };
		5FCE53D72C263D9B005187A4 /* TodoAppYandexUITests.xctest */ = {isa = PBXFileReference; explicitFileType = wrapper.cfbundle; includeInIndex = 0; path = TodoAppYandexUITests.xctest; sourceTree = BUILT_PRODUCTS_DIR; };
		5FCE53F12C263F0D005187A4 /* TodoItem.swift */ = {isa = PBXFileReference; fileEncoding = 4; lastKnownFileType = sourcecode.swift; path = TodoItem.swift; sourceTree = "<group>"; };
		5FCE53F32C263F19005187A4 /* TodoItem+Extension.swift */ = {isa = PBXFileReference; fileEncoding = 4; lastKnownFileType = sourcecode.swift; path = "TodoItem+Extension.swift"; sourceTree = "<group>"; };
		5FCE53F52C263F20005187A4 /* String+Extension.swift */ = {isa = PBXFileReference; fileEncoding = 4; lastKnownFileType = sourcecode.swift; path = "String+Extension.swift"; sourceTree = "<group>"; };
		5FCE53F72C263F24005187A4 /* Date+Extension.swift */ = {isa = PBXFileReference; fileEncoding = 4; lastKnownFileType = sourcecode.swift; path = "Date+Extension.swift"; sourceTree = "<group>"; };
		5FCE53F92C263F29005187A4 /* TodoImportance.swift */ = {isa = PBXFileReference; fileEncoding = 4; lastKnownFileType = sourcecode.swift; path = TodoImportance.swift; sourceTree = "<group>"; };
		5FCE53FB2C263F33005187A4 /* FileCache.swift */ = {isa = PBXFileReference; fileEncoding = 4; lastKnownFileType = sourcecode.swift; path = FileCache.swift; sourceTree = "<group>"; };
		5FCE53FD2C263F3D005187A4 /* FileManagerService.swift */ = {isa = PBXFileReference; fileEncoding = 4; lastKnownFileType = sourcecode.swift; path = FileManagerService.swift; sourceTree = "<group>"; };
		5FCE53FF2C263F4D005187A4 /* ConvertToJSONTests.swift */ = {isa = PBXFileReference; fileEncoding = 4; lastKnownFileType = sourcecode.swift; path = ConvertToJSONTests.swift; sourceTree = "<group>"; };
		5FCE54012C263F5F005187A4 /* ParsingFromJSONTests.swift */ = {isa = PBXFileReference; fileEncoding = 4; lastKnownFileType = sourcecode.swift; path = ParsingFromJSONTests.swift; sourceTree = "<group>"; };
		5FCE54032C263F63005187A4 /* ConvertToCSVTests.swift */ = {isa = PBXFileReference; fileEncoding = 4; lastKnownFileType = sourcecode.swift; path = ConvertToCSVTests.swift; sourceTree = "<group>"; };
		5FCE54052C263F66005187A4 /* ParsingFromCSVTests.swift */ = {isa = PBXFileReference; fileEncoding = 4; lastKnownFileType = sourcecode.swift; path = ParsingFromCSVTests.swift; sourceTree = "<group>"; };
		5FD780472C415937000F342F /* CancellableStorage.swift */ = {isa = PBXFileReference; fileEncoding = 4; lastKnownFileType = sourcecode.swift; path = CancellableStorage.swift; sourceTree = "<group>"; };
		5FD780482C415937000F342F /* Cancellable.swift */ = {isa = PBXFileReference; fileEncoding = 4; lastKnownFileType = sourcecode.swift; path = Cancellable.swift; sourceTree = "<group>"; };
		5FD7804B2C415AA0000F342F /* URLSession+Extension.swift */ = {isa = PBXFileReference; lastKnownFileType = sourcecode.swift; path = "URLSession+Extension.swift"; sourceTree = "<group>"; };
		5FD7804D2C415AEA000F342F /* URLSessionTask+Extension.swift */ = {isa = PBXFileReference; lastKnownFileType = sourcecode.swift; path = "URLSessionTask+Extension.swift"; sourceTree = "<group>"; };
		5FD780502C415C11000F342F /* TestViewForURLSessionExtension.swift */ = {isa = PBXFileReference; lastKnownFileType = sourcecode.swift; path = TestViewForURLSessionExtension.swift; sourceTree = "<group>"; };
		5FD780542C416045000F342F /* TestImageLoader.swift */ = {isa = PBXFileReference; lastKnownFileType = sourcecode.swift; path = TestImageLoader.swift; sourceTree = "<group>"; };
		63996896A26A0EF17981C37D /* Pods-TodoAppYandex.debug.xcconfig */ = {isa = PBXFileReference; includeInIndex = 1; lastKnownFileType = text.xcconfig; name = "Pods-TodoAppYandex.debug.xcconfig"; path = "Target Support Files/Pods-TodoAppYandex/Pods-TodoAppYandex.debug.xcconfig"; sourceTree = "<group>"; };
		654BE388E364B50B09223CF8 /* Pods_TodoAppYandex_TodoAppYandexUITests.framework */ = {isa = PBXFileReference; explicitFileType = wrapper.framework; includeInIndex = 0; path = Pods_TodoAppYandex_TodoAppYandexUITests.framework; sourceTree = BUILT_PRODUCTS_DIR; };
		A89C61F61D7DFC9B80E69B0E /* Pods_TodoAppYandex.framework */ = {isa = PBXFileReference; explicitFileType = wrapper.framework; includeInIndex = 0; path = Pods_TodoAppYandex.framework; sourceTree = BUILT_PRODUCTS_DIR; };
		AF54E3230BABFD23AB87E3F7 /* Pods-TodoAppYandex-TodoAppYandexUITests.release.xcconfig */ = {isa = PBXFileReference; includeInIndex = 1; lastKnownFileType = text.xcconfig; name = "Pods-TodoAppYandex-TodoAppYandexUITests.release.xcconfig"; path = "Target Support Files/Pods-TodoAppYandex-TodoAppYandexUITests/Pods-TodoAppYandex-TodoAppYandexUITests.release.xcconfig"; sourceTree = "<group>"; };
		BD44BAC163CC8684B90EAE38 /* Pods_TodoAppYandexTests.framework */ = {isa = PBXFileReference; explicitFileType = wrapper.framework; includeInIndex = 0; path = Pods_TodoAppYandexTests.framework; sourceTree = BUILT_PRODUCTS_DIR; };
		CC9CE375F50D69B1CF028E17 /* Pods-TodoAppYandex-TodoAppYandexUITests.debug.xcconfig */ = {isa = PBXFileReference; includeInIndex = 1; lastKnownFileType = text.xcconfig; name = "Pods-TodoAppYandex-TodoAppYandexUITests.debug.xcconfig"; path = "Target Support Files/Pods-TodoAppYandex-TodoAppYandexUITests/Pods-TodoAppYandex-TodoAppYandexUITests.debug.xcconfig"; sourceTree = "<group>"; };
		DED73173920EFCA1F5EBD22D /* Pods-TodoAppYandex.release.xcconfig */ = {isa = PBXFileReference; includeInIndex = 1; lastKnownFileType = text.xcconfig; name = "Pods-TodoAppYandex.release.xcconfig"; path = "Target Support Files/Pods-TodoAppYandex/Pods-TodoAppYandex.release.xcconfig"; sourceTree = "<group>"; };
		F263D30108E564686A815F7F /* Pods-TodoAppYandexTests.release.xcconfig */ = {isa = PBXFileReference; includeInIndex = 1; lastKnownFileType = text.xcconfig; name = "Pods-TodoAppYandexTests.release.xcconfig"; path = "Target Support Files/Pods-TodoAppYandexTests/Pods-TodoAppYandexTests.release.xcconfig"; sourceTree = "<group>"; };
/* End PBXFileReference section */

/* Begin PBXFrameworksBuildPhase section */
		5FCE53BA2C263D9A005187A4 /* Frameworks */ = {
			isa = PBXFrameworksBuildPhase;
			buildActionMask = 2147483647;
			files = (
				2C0ECFBDA625550AB07120E5 /* Pods_TodoAppYandex.framework in Frameworks */,
				5F7ABB3D2C3D6E9100261F7F /* CustomPicker in Frameworks */,
			);
			runOnlyForDeploymentPostprocessing = 0;
		};
		5FCE53CA2C263D9B005187A4 /* Frameworks */ = {
			isa = PBXFrameworksBuildPhase;
			buildActionMask = 2147483647;
			files = (
				493EF99BE7B5E88936DE602F /* Pods_TodoAppYandexTests.framework in Frameworks */,
			);
			runOnlyForDeploymentPostprocessing = 0;
		};
		5FCE53D42C263D9B005187A4 /* Frameworks */ = {
			isa = PBXFrameworksBuildPhase;
			buildActionMask = 2147483647;
			files = (
				FCCE282332F31F327333AF54 /* Pods_TodoAppYandex_TodoAppYandexUITests.framework in Frameworks */,
			);
			runOnlyForDeploymentPostprocessing = 0;
		};
/* End PBXFrameworksBuildPhase section */

/* Begin PBXGroup section */
		5F63F71D2C2F80DE001248A8 /* ColorPickerOLD */ = {
			isa = PBXGroup;
			children = (
				5F63F7262C2F9A2F001248A8 /* CustomColorPickerOLD.swift */,
			);
			path = ColorPickerOLD;
			sourceTree = "<group>";
		};
		5F63F7222C2F8ED6001248A8 /* DetailViewIpad */ = {
			isa = PBXGroup;
			children = (
				5F63F7232C2F8EDD001248A8 /* View */,
			);
			path = DetailViewIpad;
			sourceTree = "<group>";
		};
		5F63F7232C2F8EDD001248A8 /* View */ = {
			isa = PBXGroup;
			children = (
				5F63F7242C2F8EF7001248A8 /* DetailViewIPad.swift */,
			);
			path = View;
			sourceTree = "<group>";
		};
		5F7DC3052C29A66D00954EC0 /* TaskEditing */ = {
			isa = PBXGroup;
			children = (
				5F7DC3072C29A6FE00954EC0 /* ViewModel */,
				5F7DC3062C29A6FB00954EC0 /* View */,
			);
			path = TaskEditing;
			sourceTree = "<group>";
		};
		5F7DC3062C29A6FB00954EC0 /* View */ = {
			isa = PBXGroup;
			children = (
				5F7DC3082C29A73A00954EC0 /* TaskEditingView.swift */,
			);
			path = View;
			sourceTree = "<group>";
		};
		5F7DC3072C29A6FE00954EC0 /* ViewModel */ = {
			isa = PBXGroup;
			children = (
				5F7DC30A2C29A77900954EC0 /* TaskEditingViewModel.swift */,
			);
			path = ViewModel;
			sourceTree = "<group>";
		};
		5F97656E2C2AC414004CA12E /* TaskList  */ = {
			isa = PBXGroup;
			children = (
				5F9765702C2AC41F004CA12E /* ViewModel */,
				5F97656F2C2AC41C004CA12E /* View */,
				5F9A70AB2C387A3C002E82FC /* Subviews */,
			);
			path = "TaskList ";
			sourceTree = "<group>";
		};
		5F97656F2C2AC41C004CA12E /* View */ = {
			isa = PBXGroup;
			children = (
				5F9765712C2AC42F004CA12E /* TaskListView.swift */,
			);
			path = View;
			sourceTree = "<group>";
		};
		5F9765702C2AC41F004CA12E /* ViewModel */ = {
			isa = PBXGroup;
			children = (
				5F63F7012C2C2469001248A8 /* TaskListViewModel.swift */,
			);
			path = ViewModel;
			sourceTree = "<group>";
		};
		5F9A70AB2C387A3C002E82FC /* Subviews */ = {
			isa = PBXGroup;
			children = (
				5F9A70AC2C387A69002E82FC /* TodoItemListLabel.swift */,
				5F9A70AE2C387B52002E82FC /* TodoInfoLabel.swift */,
			);
			path = Subviews;
			sourceTree = "<group>";
		};
		5F9A70E82C38B933002E82FC /* TaskCalendar */ = {
			isa = PBXGroup;
			children = (
				5F9A70E92C38B96D002E82FC /* CalendarUIViewRepresentable.swift */,
				5F9A70F82C38BC7E002E82FC /* SwiftUICalendar.swift */,
			);
			path = TaskCalendar;
			sourceTree = "<group>";
		};
		5FCE53B42C263D9A005187A4 = {
			isa = PBXGroup;
			children = (
				5FCE53BF2C263D9A005187A4 /* TodoAppYandex */,
				5FCE53D02C263D9B005187A4 /* TodoAppYandexTests */,
				5FCE53BE2C263D9A005187A4 /* Products */,
				800D02371AD24D6D3B17AD57 /* Pods */,
				B4FD73428A45B44E3952C17D /* Frameworks */,
			);
			sourceTree = "<group>";
		};
		5FCE53BE2C263D9A005187A4 /* Products */ = {
			isa = PBXGroup;
			children = (
				5FCE53BD2C263D9A005187A4 /* TodoAppYandex.app */,
				5FCE53CD2C263D9B005187A4 /* TodoAppYandexTests.xctest */,
				5FCE53D72C263D9B005187A4 /* TodoAppYandexUITests.xctest */,
			);
			name = Products;
			sourceTree = "<group>";
		};
		5FCE53BF2C263D9A005187A4 /* TodoAppYandex */ = {
			isa = PBXGroup;
			children = (
				5FD7804F2C415BE1000F342F /* TestViews */,
				5F63F71D2C2F80DE001248A8 /* ColorPickerOLD */,
				5FCE53EF2C263EBB005187A4 /* Services */,
				5FCE53EE2C263EB3005187A4 /* Core */,
				5FCE53ED2C263EAD005187A4 /* Enums */,
				5FCE53EC2C263EA6005187A4 /* Extensions */,
				5FD780462C415937000F342F /* HelpersForCuncurrency */,
				5FCE53EB2C263EA1005187A4 /* Models */,
				5FCE53EA2C263E8E005187A4 /* Root */,
				5FCE53C42C263D9B005187A4 /* Assets.xcassets */,
				5FCE53C62C263D9B005187A4 /* Preview Content */,
			);
			path = TodoAppYandex;
			sourceTree = "<group>";
		};
		5FCE53C62C263D9B005187A4 /* Preview Content */ = {
			isa = PBXGroup;
			children = (
				5FCE53C72C263D9B005187A4 /* Preview Assets.xcassets */,
			);
			path = "Preview Content";
			sourceTree = "<group>";
		};
		5FCE53D02C263D9B005187A4 /* TodoAppYandexTests */ = {
			isa = PBXGroup;
			children = (
				5FCE53F02C263EE3005187A4 /* TodoItemTests */,
			);
			path = TodoAppYandexTests;
			sourceTree = "<group>";
		};
		5FCE53EA2C263E8E005187A4 /* Root */ = {
			isa = PBXGroup;
			children = (
				5FCE53C22C263D9A005187A4 /* ContentView.swift */,
				5FCE53C02C263D9A005187A4 /* TodoAppYandexApp.swift */,
			);
			path = Root;
			sourceTree = "<group>";
		};
		5FCE53EB2C263EA1005187A4 /* Models */ = {
			isa = PBXGroup;
			children = (
				5FCE53F12C263F0D005187A4 /* TodoItem.swift */,
			);
			path = Models;
			sourceTree = "<group>";
		};
		5FCE53EC2C263EA6005187A4 /* Extensions */ = {
			isa = PBXGroup;
			children = (
				5FCE53F32C263F19005187A4 /* TodoItem+Extension.swift */,
				5FCE53F52C263F20005187A4 /* String+Extension.swift */,
				5FCE53F72C263F24005187A4 /* Date+Extension.swift */,
				5F63F7152C2EAA19001248A8 /* Color+Extension.swift */,
				5F9A70A92C38785A002E82FC /* View+Extensions.swift */,
				5F9A70C62C38A96A002E82FC /* UIColor+Extension.swift */,
				5F9A70C92C38A98E002E82FC /* UILabel+Extension.swift */,
				5FD7804B2C415AA0000F342F /* URLSession+Extension.swift */,
				5FD7804D2C415AEA000F342F /* URLSessionTask+Extension.swift */,
			);
			path = Extensions;
			sourceTree = "<group>";
		};
		5FCE53ED2C263EAD005187A4 /* Enums */ = {
			isa = PBXGroup;
			children = (
				5FCE53F92C263F29005187A4 /* TodoImportance.swift */,
				5F63F7032C2C3C8A001248A8 /* TodoEditMode.swift */,
				5F63F70D2C2C690E001248A8 /* ListDisplayModificationOptions.swift */,
				5F63F70F2C2C7067001248A8 /* SortMode.swift */,
			);
			path = Enums;
			sourceTree = "<group>";
		};
		5FCE53EE2C263EB3005187A4 /* Core */ = {
			isa = PBXGroup;
			children = (
				5F9A70E82C38B933002E82FC /* TaskCalendar */,
				5F63F7222C2F8ED6001248A8 /* DetailViewIpad */,
				5F97656E2C2AC414004CA12E /* TaskList  */,
				5F7DC3052C29A66D00954EC0 /* TaskEditing */,
			);
			path = Core;
			sourceTree = "<group>";
		};
		5FCE53EF2C263EBB005187A4 /* Services */ = {
			isa = PBXGroup;
			children = (
				5FCE53FB2C263F33005187A4 /* FileCache.swift */,
				5FCE53FD2C263F3D005187A4 /* FileManagerService.swift */,
			);
			path = Services;
			sourceTree = "<group>";
		};
		5FCE53F02C263EE3005187A4 /* TodoItemTests */ = {
			isa = PBXGroup;
			children = (
				5FCE53FF2C263F4D005187A4 /* ConvertToJSONTests.swift */,
				5FCE54012C263F5F005187A4 /* ParsingFromJSONTests.swift */,
				5FCE54032C263F63005187A4 /* ConvertToCSVTests.swift */,
				5FCE54052C263F66005187A4 /* ParsingFromCSVTests.swift */,
			);
			path = TodoItemTests;
			sourceTree = "<group>";
		};
		5FD780462C415937000F342F /* HelpersForCuncurrency */ = {
			isa = PBXGroup;
			children = (
				5FD780472C415937000F342F /* CancellableStorage.swift */,
				5FD780482C415937000F342F /* Cancellable.swift */,
			);
			path = HelpersForCuncurrency;
			sourceTree = "<group>";
		};
		5FD7804F2C415BE1000F342F /* TestViews */ = {
			isa = PBXGroup;
			children = (
				5FD780502C415C11000F342F /* TestViewForURLSessionExtension.swift */,
				5FD780542C416045000F342F /* TestImageLoader.swift */,
			);
			path = TestViews;
			sourceTree = "<group>";
		};
		800D02371AD24D6D3B17AD57 /* Pods */ = {
			isa = PBXGroup;
			children = (
				63996896A26A0EF17981C37D /* Pods-TodoAppYandex.debug.xcconfig */,
				DED73173920EFCA1F5EBD22D /* Pods-TodoAppYandex.release.xcconfig */,
				CC9CE375F50D69B1CF028E17 /* Pods-TodoAppYandex-TodoAppYandexUITests.debug.xcconfig */,
				AF54E3230BABFD23AB87E3F7 /* Pods-TodoAppYandex-TodoAppYandexUITests.release.xcconfig */,
				523993420E99F1FA6BC08B8C /* Pods-TodoAppYandexTests.debug.xcconfig */,
				F263D30108E564686A815F7F /* Pods-TodoAppYandexTests.release.xcconfig */,
			);
			path = Pods;
			sourceTree = "<group>";
		};
		B4FD73428A45B44E3952C17D /* Frameworks */ = {
			isa = PBXGroup;
			children = (
				A89C61F61D7DFC9B80E69B0E /* Pods_TodoAppYandex.framework */,
				654BE388E364B50B09223CF8 /* Pods_TodoAppYandex_TodoAppYandexUITests.framework */,
				BD44BAC163CC8684B90EAE38 /* Pods_TodoAppYandexTests.framework */,
			);
			name = Frameworks;
			sourceTree = "<group>";
		};
/* End PBXGroup section */

/* Begin PBXNativeTarget section */
		5FCE53BC2C263D9A005187A4 /* TodoAppYandex */ = {
			isa = PBXNativeTarget;
			buildConfigurationList = 5FCE53E12C263D9B005187A4 /* Build configuration list for PBXNativeTarget "TodoAppYandex" */;
			buildPhases = (
				5F7ABB262C3D563B00261F7F /* ShellScript */,
				5BC792E929720E58E77D4FFD /* [CP] Check Pods Manifest.lock */,
				5FCE53B92C263D9A005187A4 /* Sources */,
				5FCE53BA2C263D9A005187A4 /* Frameworks */,
				5FCE53BB2C263D9A005187A4 /* Resources */,
			);
			buildRules = (
			);
			dependencies = (
			);
			name = TodoAppYandex;
			packageProductDependencies = (
				5F7ABB3C2C3D6E9100261F7F /* CustomPicker */,
			);
			productName = TodoAppYandex;
			productReference = 5FCE53BD2C263D9A005187A4 /* TodoAppYandex.app */;
			productType = "com.apple.product-type.application";
		};
		5FCE53CC2C263D9B005187A4 /* TodoAppYandexTests */ = {
			isa = PBXNativeTarget;
			buildConfigurationList = 5FCE53E42C263D9B005187A4 /* Build configuration list for PBXNativeTarget "TodoAppYandexTests" */;
			buildPhases = (
				A06A746908E81C7F677B96F3 /* [CP] Check Pods Manifest.lock */,
				5FCE53C92C263D9B005187A4 /* Sources */,
				5FCE53CA2C263D9B005187A4 /* Frameworks */,
				5FCE53CB2C263D9B005187A4 /* Resources */,
			);
			buildRules = (
			);
			dependencies = (
				5FCE53CF2C263D9B005187A4 /* PBXTargetDependency */,
			);
			name = TodoAppYandexTests;
			productName = TodoAppYandexTests;
			productReference = 5FCE53CD2C263D9B005187A4 /* TodoAppYandexTests.xctest */;
			productType = "com.apple.product-type.bundle.unit-test";
		};
		5FCE53D62C263D9B005187A4 /* TodoAppYandexUITests */ = {
			isa = PBXNativeTarget;
			buildConfigurationList = 5FCE53E72C263D9B005187A4 /* Build configuration list for PBXNativeTarget "TodoAppYandexUITests" */;
			buildPhases = (
				FB65DEADFBFADE3494A84EDB /* [CP] Check Pods Manifest.lock */,
				5FCE53D32C263D9B005187A4 /* Sources */,
				5FCE53D42C263D9B005187A4 /* Frameworks */,
				5FCE53D52C263D9B005187A4 /* Resources */,
			);
			buildRules = (
			);
			dependencies = (
				5FCE53D92C263D9B005187A4 /* PBXTargetDependency */,
			);
			name = TodoAppYandexUITests;
			productName = TodoAppYandexUITests;
			productReference = 5FCE53D72C263D9B005187A4 /* TodoAppYandexUITests.xctest */;
			productType = "com.apple.product-type.bundle.ui-testing";
		};
/* End PBXNativeTarget section */

/* Begin PBXProject section */
		5FCE53B52C263D9A005187A4 /* Project object */ = {
			isa = PBXProject;
			attributes = {
				BuildIndependentTargetsInParallel = 1;
				LastSwiftUpdateCheck = 1500;
				LastUpgradeCheck = 1500;
				TargetAttributes = {
					5FCE53BC2C263D9A005187A4 = {
						CreatedOnToolsVersion = 15.0.1;
					};
					5FCE53CC2C263D9B005187A4 = {
						CreatedOnToolsVersion = 15.0.1;
						LastSwiftMigration = 1500;
						TestTargetID = 5FCE53BC2C263D9A005187A4;
					};
					5FCE53D62C263D9B005187A4 = {
						CreatedOnToolsVersion = 15.0.1;
						TestTargetID = 5FCE53BC2C263D9A005187A4;
					};
				};
			};
			buildConfigurationList = 5FCE53B82C263D9A005187A4 /* Build configuration list for PBXProject "TodoAppYandex" */;
			compatibilityVersion = "Xcode 14.0";
			developmentRegion = en;
			hasScannedForEncodings = 0;
			knownRegions = (
				en,
				Base,
			);
			mainGroup = 5FCE53B42C263D9A005187A4;
			packageReferences = (
				5F7ABB272C3D5B3A00261F7F /* XCRemoteSwiftPackageReference "CocoaLumberjack" */,
				5F7ABB3B2C3D6E9100261F7F /* XCRemoteSwiftPackageReference "CustomPicker" */,
			);
			productRefGroup = 5FCE53BE2C263D9A005187A4 /* Products */;
			projectDirPath = "";
			projectRoot = "";
			targets = (
				5FCE53BC2C263D9A005187A4 /* TodoAppYandex */,
				5FCE53CC2C263D9B005187A4 /* TodoAppYandexTests */,
				5FCE53D62C263D9B005187A4 /* TodoAppYandexUITests */,
			);
		};
/* End PBXProject section */

/* Begin PBXResourcesBuildPhase section */
		5FCE53BB2C263D9A005187A4 /* Resources */ = {
			isa = PBXResourcesBuildPhase;
			buildActionMask = 2147483647;
			files = (
				5FCE53C82C263D9B005187A4 /* Preview Assets.xcassets in Resources */,
				5FCE53C52C263D9B005187A4 /* Assets.xcassets in Resources */,
			);
			runOnlyForDeploymentPostprocessing = 0;
		};
		5FCE53CB2C263D9B005187A4 /* Resources */ = {
			isa = PBXResourcesBuildPhase;
			buildActionMask = 2147483647;
			files = (
			);
			runOnlyForDeploymentPostprocessing = 0;
		};
		5FCE53D52C263D9B005187A4 /* Resources */ = {
			isa = PBXResourcesBuildPhase;
			buildActionMask = 2147483647;
			files = (
			);
			runOnlyForDeploymentPostprocessing = 0;
		};
/* End PBXResourcesBuildPhase section */

/* Begin PBXShellScriptBuildPhase section */
		5BC792E929720E58E77D4FFD /* [CP] Check Pods Manifest.lock */ = {
			isa = PBXShellScriptBuildPhase;
			buildActionMask = 2147483647;
			files = (
			);
			inputFileListPaths = (
			);
			inputPaths = (
				"${PODS_PODFILE_DIR_PATH}/Podfile.lock",
				"${PODS_ROOT}/Manifest.lock",
			);
			name = "[CP] Check Pods Manifest.lock";
			outputFileListPaths = (
			);
			outputPaths = (
				"$(DERIVED_FILE_DIR)/Pods-TodoAppYandex-checkManifestLockResult.txt",
			);
			runOnlyForDeploymentPostprocessing = 0;
			shellPath = /bin/sh;
			shellScript = "diff \"${PODS_PODFILE_DIR_PATH}/Podfile.lock\" \"${PODS_ROOT}/Manifest.lock\" > /dev/null\nif [ $? != 0 ] ; then\n    # print error to STDERR\n    echo \"error: The sandbox is not in sync with the Podfile.lock. Run 'pod install' or update your CocoaPods installation.\" >&2\n    exit 1\nfi\n# This output is used by Xcode 'outputs' to avoid re-running this script phase.\necho \"SUCCESS\" > \"${SCRIPT_OUTPUT_FILE_0}\"\n";
			showEnvVarsInLog = 0;
		};
		5F7ABB262C3D563B00261F7F /* ShellScript */ = {
			isa = PBXShellScriptBuildPhase;
			buildActionMask = 2147483647;
			files = (
			);
			inputFileListPaths = (
			);
			inputPaths = (
			);
			outputFileListPaths = (
			);
			outputPaths = (
			);
			runOnlyForDeploymentPostprocessing = 0;
			shellPath = /bin/sh;
			shellScript = "${PODS_ROOT}/SwiftLint/swiftlint\n";
		};
		A06A746908E81C7F677B96F3 /* [CP] Check Pods Manifest.lock */ = {
			isa = PBXShellScriptBuildPhase;
			buildActionMask = 2147483647;
			files = (
			);
			inputFileListPaths = (
			);
			inputPaths = (
				"${PODS_PODFILE_DIR_PATH}/Podfile.lock",
				"${PODS_ROOT}/Manifest.lock",
			);
			name = "[CP] Check Pods Manifest.lock";
			outputFileListPaths = (
			);
			outputPaths = (
				"$(DERIVED_FILE_DIR)/Pods-TodoAppYandexTests-checkManifestLockResult.txt",
			);
			runOnlyForDeploymentPostprocessing = 0;
			shellPath = /bin/sh;
			shellScript = "diff \"${PODS_PODFILE_DIR_PATH}/Podfile.lock\" \"${PODS_ROOT}/Manifest.lock\" > /dev/null\nif [ $? != 0 ] ; then\n    # print error to STDERR\n    echo \"error: The sandbox is not in sync with the Podfile.lock. Run 'pod install' or update your CocoaPods installation.\" >&2\n    exit 1\nfi\n# This output is used by Xcode 'outputs' to avoid re-running this script phase.\necho \"SUCCESS\" > \"${SCRIPT_OUTPUT_FILE_0}\"\n";
			showEnvVarsInLog = 0;
		};
		FB65DEADFBFADE3494A84EDB /* [CP] Check Pods Manifest.lock */ = {
			isa = PBXShellScriptBuildPhase;
			buildActionMask = 2147483647;
			files = (
			);
			inputFileListPaths = (
			);
			inputPaths = (
				"${PODS_PODFILE_DIR_PATH}/Podfile.lock",
				"${PODS_ROOT}/Manifest.lock",
			);
			name = "[CP] Check Pods Manifest.lock";
			outputFileListPaths = (
			);
			outputPaths = (
				"$(DERIVED_FILE_DIR)/Pods-TodoAppYandex-TodoAppYandexUITests-checkManifestLockResult.txt",
			);
			runOnlyForDeploymentPostprocessing = 0;
			shellPath = /bin/sh;
			shellScript = "diff \"${PODS_PODFILE_DIR_PATH}/Podfile.lock\" \"${PODS_ROOT}/Manifest.lock\" > /dev/null\nif [ $? != 0 ] ; then\n    # print error to STDERR\n    echo \"error: The sandbox is not in sync with the Podfile.lock. Run 'pod install' or update your CocoaPods installation.\" >&2\n    exit 1\nfi\n# This output is used by Xcode 'outputs' to avoid re-running this script phase.\necho \"SUCCESS\" > \"${SCRIPT_OUTPUT_FILE_0}\"\n";
			showEnvVarsInLog = 0;
		};
/* End PBXShellScriptBuildPhase section */

/* Begin PBXSourcesBuildPhase section */
		5FCE53B92C263D9A005187A4 /* Sources */ = {
			isa = PBXSourcesBuildPhase;
			buildActionMask = 2147483647;
			files = (
				5FCE53FA2C263F29005187A4 /* TodoImportance.swift in Sources */,
				5F63F7162C2EAA19001248A8 /* Color+Extension.swift in Sources */,
				5F63F7022C2C2469001248A8 /* TaskListViewModel.swift in Sources */,
				5FCE53F42C263F19005187A4 /* TodoItem+Extension.swift in Sources */,
				5FD780512C415C11000F342F /* TestViewForURLSessionExtension.swift in Sources */,
				5F63F7252C2F8EF7001248A8 /* DetailViewIPad.swift in Sources */,
				5FD7804A2C415937000F342F /* Cancellable.swift in Sources */,
				5FD780492C415937000F342F /* CancellableStorage.swift in Sources */,
				5F7DC30B2C29A77900954EC0 /* TaskEditingViewModel.swift in Sources */,
				5FCE53C32C263D9A005187A4 /* ContentView.swift in Sources */,
				5FD780552C416045000F342F /* TestImageLoader.swift in Sources */,
				5FD7804C2C415AA0000F342F /* URLSession+Extension.swift in Sources */,
				5F9A70C72C38A96A002E82FC /* UIColor+Extension.swift in Sources */,
				5FCE53F22C263F0D005187A4 /* TodoItem.swift in Sources */,
				5F9765722C2AC42F004CA12E /* TaskListView.swift in Sources */,
				5F63F7272C2F9A2F001248A8 /* CustomColorPickerOLD.swift in Sources */,
				5FCE53F62C263F20005187A4 /* String+Extension.swift in Sources */,
				5FCE53C12C263D9A005187A4 /* TodoAppYandexApp.swift in Sources */,
				5F63F70E2C2C690E001248A8 /* ListDisplayModificationOptions.swift in Sources */,
				5FCE53FC2C263F33005187A4 /* FileCache.swift in Sources */,
				5F9A70AF2C387B52002E82FC /* TodoInfoLabel.swift in Sources */,
				5F9A70AD2C387A69002E82FC /* TodoItemListLabel.swift in Sources */,
				5FCE53F82C263F24005187A4 /* Date+Extension.swift in Sources */,
				5F9A70F92C38BC7E002E82FC /* SwiftUICalendar.swift in Sources */,
				5F7DC3092C29A73A00954EC0 /* TaskEditingView.swift in Sources */,
				5F9A70EA2C38B96D002E82FC /* CalendarUIViewRepresentable.swift in Sources */,
				5F63F7042C2C3C8A001248A8 /* TodoEditMode.swift in Sources */,
				5F63F7102C2C7067001248A8 /* SortMode.swift in Sources */,
				5F9A70AA2C38785A002E82FC /* View+Extensions.swift in Sources */,
				5FD7804E2C415AEA000F342F /* URLSessionTask+Extension.swift in Sources */,
				5FCE53FE2C263F3D005187A4 /* FileManagerService.swift in Sources */,
				5F9A70CA2C38A98E002E82FC /* UILabel+Extension.swift in Sources */,
			);
			runOnlyForDeploymentPostprocessing = 0;
		};
		5FCE53C92C263D9B005187A4 /* Sources */ = {
			isa = PBXSourcesBuildPhase;
			buildActionMask = 2147483647;
			files = (
				5FCE54022C263F5F005187A4 /* ParsingFromJSONTests.swift in Sources */,
				5FCE54002C263F4D005187A4 /* ConvertToJSONTests.swift in Sources */,
				5FCE54042C263F63005187A4 /* ConvertToCSVTests.swift in Sources */,
				5FCE54062C263F66005187A4 /* ParsingFromCSVTests.swift in Sources */,
			);
			runOnlyForDeploymentPostprocessing = 0;
		};
		5FCE53D32C263D9B005187A4 /* Sources */ = {
			isa = PBXSourcesBuildPhase;
			buildActionMask = 2147483647;
			files = (
			);
			runOnlyForDeploymentPostprocessing = 0;
		};
/* End PBXSourcesBuildPhase section */

/* Begin PBXTargetDependency section */
		5FCE53CF2C263D9B005187A4 /* PBXTargetDependency */ = {
			isa = PBXTargetDependency;
			target = 5FCE53BC2C263D9A005187A4 /* TodoAppYandex */;
			targetProxy = 5FCE53CE2C263D9B005187A4 /* PBXContainerItemProxy */;
		};
		5FCE53D92C263D9B005187A4 /* PBXTargetDependency */ = {
			isa = PBXTargetDependency;
			target = 5FCE53BC2C263D9A005187A4 /* TodoAppYandex */;
			targetProxy = 5FCE53D82C263D9B005187A4 /* PBXContainerItemProxy */;
		};
/* End PBXTargetDependency section */

/* Begin XCBuildConfiguration section */
		5FCE53DF2C263D9B005187A4 /* Debug */ = {
			isa = XCBuildConfiguration;
			buildSettings = {
				ALWAYS_SEARCH_USER_PATHS = NO;
				ASSETCATALOG_COMPILER_GENERATE_SWIFT_ASSET_SYMBOL_EXTENSIONS = YES;
				CLANG_ANALYZER_NONNULL = YES;
				CLANG_ANALYZER_NUMBER_OBJECT_CONVERSION = YES_AGGRESSIVE;
				CLANG_CXX_LANGUAGE_STANDARD = "gnu++20";
				CLANG_ENABLE_MODULES = YES;
				CLANG_ENABLE_OBJC_ARC = YES;
				CLANG_ENABLE_OBJC_WEAK = YES;
				CLANG_WARN_BLOCK_CAPTURE_AUTORELEASING = YES;
				CLANG_WARN_BOOL_CONVERSION = YES;
				CLANG_WARN_COMMA = YES;
				CLANG_WARN_CONSTANT_CONVERSION = YES;
				CLANG_WARN_DEPRECATED_OBJC_IMPLEMENTATIONS = YES;
				CLANG_WARN_DIRECT_OBJC_ISA_USAGE = YES_ERROR;
				CLANG_WARN_DOCUMENTATION_COMMENTS = YES;
				CLANG_WARN_EMPTY_BODY = YES;
				CLANG_WARN_ENUM_CONVERSION = YES;
				CLANG_WARN_INFINITE_RECURSION = YES;
				CLANG_WARN_INT_CONVERSION = YES;
				CLANG_WARN_NON_LITERAL_NULL_CONVERSION = YES;
				CLANG_WARN_OBJC_IMPLICIT_RETAIN_SELF = YES;
				CLANG_WARN_OBJC_LITERAL_CONVERSION = YES;
				CLANG_WARN_OBJC_ROOT_CLASS = YES_ERROR;
				CLANG_WARN_QUOTED_INCLUDE_IN_FRAMEWORK_HEADER = YES;
				CLANG_WARN_RANGE_LOOP_ANALYSIS = YES;
				CLANG_WARN_STRICT_PROTOTYPES = YES;
				CLANG_WARN_SUSPICIOUS_MOVE = YES;
				CLANG_WARN_UNGUARDED_AVAILABILITY = YES_AGGRESSIVE;
				CLANG_WARN_UNREACHABLE_CODE = YES;
				CLANG_WARN__DUPLICATE_METHOD_MATCH = YES;
				COPY_PHASE_STRIP = NO;
				DEBUG_INFORMATION_FORMAT = dwarf;
				ENABLE_STRICT_OBJC_MSGSEND = YES;
				ENABLE_TESTABILITY = YES;
				ENABLE_USER_SCRIPT_SANDBOXING = NO;
				GCC_C_LANGUAGE_STANDARD = gnu17;
				GCC_DYNAMIC_NO_PIC = NO;
				GCC_NO_COMMON_BLOCKS = YES;
				GCC_OPTIMIZATION_LEVEL = 0;
				GCC_PREPROCESSOR_DEFINITIONS = (
					"DEBUG=1",
					"$(inherited)",
				);
				GCC_WARN_64_TO_32_BIT_CONVERSION = YES;
				GCC_WARN_ABOUT_RETURN_TYPE = YES_ERROR;
				GCC_WARN_UNDECLARED_SELECTOR = YES;
				GCC_WARN_UNINITIALIZED_AUTOS = YES_AGGRESSIVE;
				GCC_WARN_UNUSED_FUNCTION = YES;
				GCC_WARN_UNUSED_VARIABLE = YES;
				IPHONEOS_DEPLOYMENT_TARGET = 17.0;
				LOCALIZATION_PREFERS_STRING_CATALOGS = YES;
				MTL_ENABLE_DEBUG_INFO = INCLUDE_SOURCE;
				MTL_FAST_MATH = YES;
				ONLY_ACTIVE_ARCH = YES;
				SDKROOT = iphoneos;
				SWIFT_ACTIVE_COMPILATION_CONDITIONS = "DEBUG $(inherited)";
				SWIFT_OPTIMIZATION_LEVEL = "-Onone";
			};
			name = Debug;
		};
		5FCE53E02C263D9B005187A4 /* Release */ = {
			isa = XCBuildConfiguration;
			buildSettings = {
				ALWAYS_SEARCH_USER_PATHS = NO;
				ASSETCATALOG_COMPILER_GENERATE_SWIFT_ASSET_SYMBOL_EXTENSIONS = YES;
				CLANG_ANALYZER_NONNULL = YES;
				CLANG_ANALYZER_NUMBER_OBJECT_CONVERSION = YES_AGGRESSIVE;
				CLANG_CXX_LANGUAGE_STANDARD = "gnu++20";
				CLANG_ENABLE_MODULES = YES;
				CLANG_ENABLE_OBJC_ARC = YES;
				CLANG_ENABLE_OBJC_WEAK = YES;
				CLANG_WARN_BLOCK_CAPTURE_AUTORELEASING = YES;
				CLANG_WARN_BOOL_CONVERSION = YES;
				CLANG_WARN_COMMA = YES;
				CLANG_WARN_CONSTANT_CONVERSION = YES;
				CLANG_WARN_DEPRECATED_OBJC_IMPLEMENTATIONS = YES;
				CLANG_WARN_DIRECT_OBJC_ISA_USAGE = YES_ERROR;
				CLANG_WARN_DOCUMENTATION_COMMENTS = YES;
				CLANG_WARN_EMPTY_BODY = YES;
				CLANG_WARN_ENUM_CONVERSION = YES;
				CLANG_WARN_INFINITE_RECURSION = YES;
				CLANG_WARN_INT_CONVERSION = YES;
				CLANG_WARN_NON_LITERAL_NULL_CONVERSION = YES;
				CLANG_WARN_OBJC_IMPLICIT_RETAIN_SELF = YES;
				CLANG_WARN_OBJC_LITERAL_CONVERSION = YES;
				CLANG_WARN_OBJC_ROOT_CLASS = YES_ERROR;
				CLANG_WARN_QUOTED_INCLUDE_IN_FRAMEWORK_HEADER = YES;
				CLANG_WARN_RANGE_LOOP_ANALYSIS = YES;
				CLANG_WARN_STRICT_PROTOTYPES = YES;
				CLANG_WARN_SUSPICIOUS_MOVE = YES;
				CLANG_WARN_UNGUARDED_AVAILABILITY = YES_AGGRESSIVE;
				CLANG_WARN_UNREACHABLE_CODE = YES;
				CLANG_WARN__DUPLICATE_METHOD_MATCH = YES;
				COPY_PHASE_STRIP = NO;
				DEBUG_INFORMATION_FORMAT = "dwarf-with-dsym";
				ENABLE_NS_ASSERTIONS = NO;
				ENABLE_STRICT_OBJC_MSGSEND = YES;
				ENABLE_USER_SCRIPT_SANDBOXING = NO;
				GCC_C_LANGUAGE_STANDARD = gnu17;
				GCC_NO_COMMON_BLOCKS = YES;
				GCC_WARN_64_TO_32_BIT_CONVERSION = YES;
				GCC_WARN_ABOUT_RETURN_TYPE = YES_ERROR;
				GCC_WARN_UNDECLARED_SELECTOR = YES;
				GCC_WARN_UNINITIALIZED_AUTOS = YES_AGGRESSIVE;
				GCC_WARN_UNUSED_FUNCTION = YES;
				GCC_WARN_UNUSED_VARIABLE = YES;
				IPHONEOS_DEPLOYMENT_TARGET = 17.0;
				LOCALIZATION_PREFERS_STRING_CATALOGS = YES;
				MTL_ENABLE_DEBUG_INFO = NO;
				MTL_FAST_MATH = YES;
				SDKROOT = iphoneos;
				SWIFT_COMPILATION_MODE = wholemodule;
				VALIDATE_PRODUCT = YES;
			};
			name = Release;
		};
		5FCE53E22C263D9B005187A4 /* Debug */ = {
			isa = XCBuildConfiguration;
			baseConfigurationReference = 63996896A26A0EF17981C37D /* Pods-TodoAppYandex.debug.xcconfig */;
			buildSettings = {
				ASSETCATALOG_COMPILER_APPICON_NAME = AppIcon;
				ASSETCATALOG_COMPILER_GLOBAL_ACCENT_COLOR_NAME = AccentColor;
				CODE_SIGN_STYLE = Automatic;
				CURRENT_PROJECT_VERSION = 1;
				DEVELOPMENT_ASSET_PATHS = "\"TodoAppYandex/Preview Content\"";
				DEVELOPMENT_TEAM = PU9LYPLT6X;
				ENABLE_PREVIEWS = YES;
				GENERATE_INFOPLIST_FILE = YES;
				INFOPLIST_KEY_UIApplicationSceneManifest_Generation = YES;
				INFOPLIST_KEY_UIApplicationSupportsIndirectInputEvents = YES;
				INFOPLIST_KEY_UILaunchScreen_Generation = YES;
				INFOPLIST_KEY_UISupportedInterfaceOrientations_iPad = "UIInterfaceOrientationPortrait UIInterfaceOrientationPortraitUpsideDown UIInterfaceOrientationLandscapeLeft UIInterfaceOrientationLandscapeRight";
				INFOPLIST_KEY_UISupportedInterfaceOrientations_iPhone = "UIInterfaceOrientationPortrait UIInterfaceOrientationLandscapeLeft UIInterfaceOrientationLandscapeRight";
				LD_RUNPATH_SEARCH_PATHS = (
					"$(inherited)",
					"@executable_path/Frameworks",
				);
				MARKETING_VERSION = 1.0;
				PRODUCT_BUNDLE_IDENTIFIER = com.gregorygromow.TodoAppYandex;
				PRODUCT_NAME = "$(TARGET_NAME)";
				SWIFT_EMIT_LOC_STRINGS = YES;
				SWIFT_VERSION = 5.0;
				TARGETED_DEVICE_FAMILY = "1,2";
			};
			name = Debug;
		};
		5FCE53E32C263D9B005187A4 /* Release */ = {
			isa = XCBuildConfiguration;
			baseConfigurationReference = DED73173920EFCA1F5EBD22D /* Pods-TodoAppYandex.release.xcconfig */;
			buildSettings = {
				ASSETCATALOG_COMPILER_APPICON_NAME = AppIcon;
				ASSETCATALOG_COMPILER_GLOBAL_ACCENT_COLOR_NAME = AccentColor;
				CODE_SIGN_STYLE = Automatic;
				CURRENT_PROJECT_VERSION = 1;
				DEVELOPMENT_ASSET_PATHS = "\"TodoAppYandex/Preview Content\"";
				DEVELOPMENT_TEAM = PU9LYPLT6X;
				ENABLE_PREVIEWS = YES;
				GENERATE_INFOPLIST_FILE = YES;
				INFOPLIST_KEY_UIApplicationSceneManifest_Generation = YES;
				INFOPLIST_KEY_UIApplicationSupportsIndirectInputEvents = YES;
				INFOPLIST_KEY_UILaunchScreen_Generation = YES;
				INFOPLIST_KEY_UISupportedInterfaceOrientations_iPad = "UIInterfaceOrientationPortrait UIInterfaceOrientationPortraitUpsideDown UIInterfaceOrientationLandscapeLeft UIInterfaceOrientationLandscapeRight";
				INFOPLIST_KEY_UISupportedInterfaceOrientations_iPhone = "UIInterfaceOrientationPortrait UIInterfaceOrientationLandscapeLeft UIInterfaceOrientationLandscapeRight";
				LD_RUNPATH_SEARCH_PATHS = (
					"$(inherited)",
					"@executable_path/Frameworks",
				);
				MARKETING_VERSION = 1.0;
				PRODUCT_BUNDLE_IDENTIFIER = com.gregorygromow.TodoAppYandex;
				PRODUCT_NAME = "$(TARGET_NAME)";
				SWIFT_EMIT_LOC_STRINGS = YES;
				SWIFT_VERSION = 5.0;
				TARGETED_DEVICE_FAMILY = "1,2";
			};
			name = Release;
		};
		5FCE53E52C263D9B005187A4 /* Debug */ = {
			isa = XCBuildConfiguration;
			baseConfigurationReference = 523993420E99F1FA6BC08B8C /* Pods-TodoAppYandexTests.debug.xcconfig */;
			buildSettings = {
				ALWAYS_EMBED_SWIFT_STANDARD_LIBRARIES = YES;
				BUNDLE_LOADER = "$(TEST_HOST)";
				CLANG_ENABLE_MODULES = YES;
				CODE_SIGN_STYLE = Automatic;
				CURRENT_PROJECT_VERSION = 1;
				DEVELOPMENT_TEAM = PU9LYPLT6X;
				GENERATE_INFOPLIST_FILE = YES;
				IPHONEOS_DEPLOYMENT_TARGET = 17.0;
				MARKETING_VERSION = 1.0;
				PRODUCT_BUNDLE_IDENTIFIER = com.gregorygromow.TodoAppYandexTests;
				PRODUCT_NAME = "$(TARGET_NAME)";
				SWIFT_EMIT_LOC_STRINGS = NO;
				SWIFT_OPTIMIZATION_LEVEL = "-Onone";
				SWIFT_VERSION = 5.0;
				TARGETED_DEVICE_FAMILY = "1,2";
				TEST_HOST = "$(BUILT_PRODUCTS_DIR)/TodoAppYandex.app/$(BUNDLE_EXECUTABLE_FOLDER_PATH)/TodoAppYandex";
			};
			name = Debug;
		};
		5FCE53E62C263D9B005187A4 /* Release */ = {
			isa = XCBuildConfiguration;
			baseConfigurationReference = F263D30108E564686A815F7F /* Pods-TodoAppYandexTests.release.xcconfig */;
			buildSettings = {
				ALWAYS_EMBED_SWIFT_STANDARD_LIBRARIES = YES;
				BUNDLE_LOADER = "$(TEST_HOST)";
				CLANG_ENABLE_MODULES = YES;
				CODE_SIGN_STYLE = Automatic;
				CURRENT_PROJECT_VERSION = 1;
				DEVELOPMENT_TEAM = PU9LYPLT6X;
				GENERATE_INFOPLIST_FILE = YES;
				IPHONEOS_DEPLOYMENT_TARGET = 17.0;
				MARKETING_VERSION = 1.0;
				PRODUCT_BUNDLE_IDENTIFIER = com.gregorygromow.TodoAppYandexTests;
				PRODUCT_NAME = "$(TARGET_NAME)";
				SWIFT_EMIT_LOC_STRINGS = NO;
				SWIFT_VERSION = 5.0;
				TARGETED_DEVICE_FAMILY = "1,2";
				TEST_HOST = "$(BUILT_PRODUCTS_DIR)/TodoAppYandex.app/$(BUNDLE_EXECUTABLE_FOLDER_PATH)/TodoAppYandex";
			};
			name = Release;
		};
		5FCE53E82C263D9B005187A4 /* Debug */ = {
			isa = XCBuildConfiguration;
			baseConfigurationReference = CC9CE375F50D69B1CF028E17 /* Pods-TodoAppYandex-TodoAppYandexUITests.debug.xcconfig */;
			buildSettings = {
				ALWAYS_EMBED_SWIFT_STANDARD_LIBRARIES = YES;
				CODE_SIGN_STYLE = Automatic;
				CURRENT_PROJECT_VERSION = 1;
				DEVELOPMENT_TEAM = PU9LYPLT6X;
				GENERATE_INFOPLIST_FILE = YES;
				MARKETING_VERSION = 1.0;
				PRODUCT_BUNDLE_IDENTIFIER = com.gregorygromow.TodoAppYandexUITests;
				PRODUCT_NAME = "$(TARGET_NAME)";
				SWIFT_EMIT_LOC_STRINGS = NO;
				SWIFT_VERSION = 5.0;
				TARGETED_DEVICE_FAMILY = "1,2";
				TEST_TARGET_NAME = TodoAppYandex;
			};
			name = Debug;
		};
		5FCE53E92C263D9B005187A4 /* Release */ = {
			isa = XCBuildConfiguration;
			baseConfigurationReference = AF54E3230BABFD23AB87E3F7 /* Pods-TodoAppYandex-TodoAppYandexUITests.release.xcconfig */;
			buildSettings = {
				ALWAYS_EMBED_SWIFT_STANDARD_LIBRARIES = YES;
				CODE_SIGN_STYLE = Automatic;
				CURRENT_PROJECT_VERSION = 1;
				DEVELOPMENT_TEAM = PU9LYPLT6X;
				GENERATE_INFOPLIST_FILE = YES;
				MARKETING_VERSION = 1.0;
				PRODUCT_BUNDLE_IDENTIFIER = com.gregorygromow.TodoAppYandexUITests;
				PRODUCT_NAME = "$(TARGET_NAME)";
				SWIFT_EMIT_LOC_STRINGS = NO;
				SWIFT_VERSION = 5.0;
				TARGETED_DEVICE_FAMILY = "1,2";
				TEST_TARGET_NAME = TodoAppYandex;
			};
			name = Release;
		};
/* End XCBuildConfiguration section */

/* Begin XCConfigurationList section */
		5FCE53B82C263D9A005187A4 /* Build configuration list for PBXProject "TodoAppYandex" */ = {
			isa = XCConfigurationList;
			buildConfigurations = (
				5FCE53DF2C263D9B005187A4 /* Debug */,
				5FCE53E02C263D9B005187A4 /* Release */,
			);
			defaultConfigurationIsVisible = 0;
			defaultConfigurationName = Release;
		};
		5FCE53E12C263D9B005187A4 /* Build configuration list for PBXNativeTarget "TodoAppYandex" */ = {
			isa = XCConfigurationList;
			buildConfigurations = (
				5FCE53E22C263D9B005187A4 /* Debug */,
				5FCE53E32C263D9B005187A4 /* Release */,
			);
			defaultConfigurationIsVisible = 0;
			defaultConfigurationName = Release;
		};
		5FCE53E42C263D9B005187A4 /* Build configuration list for PBXNativeTarget "TodoAppYandexTests" */ = {
			isa = XCConfigurationList;
			buildConfigurations = (
				5FCE53E52C263D9B005187A4 /* Debug */,
				5FCE53E62C263D9B005187A4 /* Release */,
			);
			defaultConfigurationIsVisible = 0;
			defaultConfigurationName = Release;
		};
		5FCE53E72C263D9B005187A4 /* Build configuration list for PBXNativeTarget "TodoAppYandexUITests" */ = {
			isa = XCConfigurationList;
			buildConfigurations = (
				5FCE53E82C263D9B005187A4 /* Debug */,
				5FCE53E92C263D9B005187A4 /* Release */,
			);
			defaultConfigurationIsVisible = 0;
			defaultConfigurationName = Release;
		};
/* End XCConfigurationList section */

/* Begin XCRemoteSwiftPackageReference section */
		5F7ABB272C3D5B3A00261F7F /* XCRemoteSwiftPackageReference "CocoaLumberjack" */ = {
			isa = XCRemoteSwiftPackageReference;
			repositoryURL = "https://github.com/CocoaLumberjack/CocoaLumberjack";
			requirement = {
				kind = upToNextMajorVersion;
				minimumVersion = 3.8.5;
			};
		};
		5F7ABB3B2C3D6E9100261F7F /* XCRemoteSwiftPackageReference "CustomPicker" */ = {
			isa = XCRemoteSwiftPackageReference;
			repositoryURL = "https://github.com/GregoryGromov/CustomPicker";
			requirement = {
				kind = upToNextMajorVersion;
				minimumVersion = 1.0.3;
			};
		};
/* End XCRemoteSwiftPackageReference section */

/* Begin XCSwiftPackageProductDependency section */
		5F7ABB3C2C3D6E9100261F7F /* CustomPicker */ = {
			isa = XCSwiftPackageProductDependency;
			package = 5F7ABB3B2C3D6E9100261F7F /* XCRemoteSwiftPackageReference "CustomPicker" */;
			productName = CustomPicker;
		};
/* End XCSwiftPackageProductDependency section */
	};
	rootObject = 5FCE53B52C263D9A005187A4 /* Project object */;
}
